
Microsoft Visual Studio Solution File, Format Version 12.00
# Visual Studio 2012
Project("{FAE04EC0-301F-11D3-BF4B-00C04F79EFBC}") = "DataTypeConvertorAPI.Test", "src\DataTypeConvertorAPI.Test\DataTypeConvertorAPI.Test.csproj", "{D352BEF3-9933-4149-AE21-27A9E5C52B51}"
EndProject
Project("{2150E333-8FDC-42A3-9474-1A3956D46DE8}") = ".nuget", ".nuget", "{C3964749-D770-428B-B0E8-E028B65DC87C}"
	ProjectSection(SolutionItems) = preProject
		.nuget\NuGet.Config = .nuget\NuGet.Config
		.nuget\NuGet.exe = .nuget\NuGet.exe
		.nuget\NuGet.targets = .nuget\NuGet.targets
	EndProjectSection
EndProject
Global
	GlobalSection(SolutionConfigurationPlatforms) = preSolution
		Debug|Any CPU = Debug|Any CPU
		Release|Any CPU = Release|Any CPU
	EndGlobalSection
	GlobalSection(ProjectConfigurationPlatforms) = postSolution
		{D352BEF3-9933-4149-AE21-27A9E5C52B51}.Debug|Any CPU.ActiveCfg = Debug|Any CPU
		{D352BEF3-9933-4149-AE21-27A9E5C52B51}.Debug|Any CPU.Build.0 = Debug|Any CPU
		{D352BEF3-9933-4149-AE21-27A9E5C52B51}.Release|Any CPU.ActiveCfg = Release|Any CPU
		{D352BEF3-9933-4149-AE21-27A9E5C52B51}.Release|Any CPU.Build.0 = Release|Any CPU
	EndGlobalSection
	GlobalSection(SolutionProperties) = preSolution
		HideSolutionNode = FALSE
	EndGlobalSection
EndGlobal
